
Microsoft Visual Studio Solution File, Format Version 12.00
# Visual Studio Version 17
VisualStudioVersion = 17.8.34316.72
MinimumVisualStudioVersion = 10.0.40219.1
Project("{FAE04EC0-301F-11D3-BF4B-00C04F79EFBC}") = "Todos.WebApi", "Todos.WebApi\Todos.WebApi.csproj", "{60C327D1-CD52-40B6-B102-4C7D09A3AF57}"
EndProject
Project("{FAE04EC0-301F-11D3-BF4B-00C04F79EFBC}") = "Todos.UnitTests", "Todos.UnitTests\Todos.UnitTests.csproj", "{7B00B26C-B575-475D-9514-7EA74F69ED99}"
EndProject
Global
	GlobalSection(SolutionConfigurationPlatforms) = preSolution
		Debug|Any CPU = Debug|Any CPU
		Release|Any CPU = Release|Any CPU
	EndGlobalSection
	GlobalSection(ProjectConfigurationPlatforms) = postSolution
		{60C327D1-CD52-40B6-B102-4C7D09A3AF57}.Debug|Any CPU.ActiveCfg = Debug|Any CPU
		{60C327D1-CD52-40B6-B102-4C7D09A3AF57}.Debug|Any CPU.Build.0 = Debug|Any CPU
		{60C327D1-CD52-40B6-B102-4C7D09A3AF57}.Release|Any CPU.ActiveCfg = Release|Any CPU
		{60C327D1-CD52-40B6-B102-4C7D09A3AF57}.Release|Any CPU.Build.0 = Release|Any CPU
		{7B00B26C-B575-475D-9514-7EA74F69ED99}.Debug|Any CPU.ActiveCfg = Debug|Any CPU
		{7B00B26C-B575-475D-9514-7EA74F69ED99}.Debug|Any CPU.Build.0 = Debug|Any CPU
		{7B00B26C-B575-475D-9514-7EA74F69ED99}.Release|Any CPU.ActiveCfg = Release|Any CPU
		{7B00B26C-B575-475D-9514-7EA74F69ED99}.Release|Any CPU.Build.0 = Release|Any CPU
	EndGlobalSection
	GlobalSection(SolutionProperties) = preSolution
		HideSolutionNode = FALSE
	EndGlobalSection
	GlobalSection(ExtensibilityGlobals) = postSolution
		SolutionGuid = {8DAC3A3B-E5A2-44DD-888D-51D3EFD6CBEF}
	EndGlobalSection
EndGlobal
